
Microsoft Visual Studio Solution File, Format Version 12.00
# Visual Studio 2013
VisualStudioVersion = 12.0.30501.0
MinimumVisualStudioVersion = 10.0.40219.1
Project("{FAE04EC0-301F-11D3-BF4B-00C04F79EFBC}") = "WoWStuff", "WoWStuff\WoWStuff.csproj", "{54E4ECC1-5772-4304-84C3-0E7C1C3E7B51}"
EndProject
Project("{FAE04EC0-301F-11D3-BF4B-00C04F79EFBC}") = "Engine", "Engine\Engine.csproj", "{69A70FC6-6264-41A2-96BB-DEDDC5F66D67}"
EndProject
Global
	GlobalSection(SolutionConfigurationPlatforms) = preSolution
		Debug|Any CPU = Debug|Any CPU
		Release|Any CPU = Release|Any CPU
	EndGlobalSection
	GlobalSection(ProjectConfigurationPlatforms) = postSolution
		{54E4ECC1-5772-4304-84C3-0E7C1C3E7B51}.Debug|Any CPU.ActiveCfg = Debug|Any CPU
		{54E4ECC1-5772-4304-84C3-0E7C1C3E7B51}.Debug|Any CPU.Build.0 = Debug|Any CPU
		{54E4ECC1-5772-4304-84C3-0E7C1C3E7B51}.Release|Any CPU.ActiveCfg = Release|Any CPU
		{54E4ECC1-5772-4304-84C3-0E7C1C3E7B51}.Release|Any CPU.Build.0 = Release|Any CPU
		{69A70FC6-6264-41A2-96BB-DEDDC5F66D67}.Debug|Any CPU.ActiveCfg = Debug|Any CPU
		{69A70FC6-6264-41A2-96BB-DEDDC5F66D67}.Debug|Any CPU.Build.0 = Debug|Any CPU
		{69A70FC6-6264-41A2-96BB-DEDDC5F66D67}.Release|Any CPU.ActiveCfg = Release|Any CPU
		{69A70FC6-6264-41A2-96BB-DEDDC5F66D67}.Release|Any CPU.Build.0 = Release|Any CPU
	EndGlobalSection
	GlobalSection(SolutionProperties) = preSolution
		HideSolutionNode = FALSE
	EndGlobalSection
EndGlobal
